github.com/bytecodealliance/wasmtime-go v0.39.0 h1:35AXy5+py5ZXRSpfoxqh+dWJ7nJnIrW1avjDfaJinxU=
github.com/bytecodealliance/wasmtime-go v0.39.0/go.mod h1:q320gUxqyI8yB+ZqRuaJOEnGkAnHh6WtJjMaT2CW4wI=
github.com/mattn/go-pointer v0.0.1 h1:n+XhsuGeVO6MEAp7xyEukFINEa+Quek5psIR/ylA6o0=
github.com/mattn/go-pointer v0.0.1/go.mod h1:2zXcozF6qYGgmsG+SeTZz3oAbFLdD3OWqnUbNvJZAlc=
github.com/mattn/go-sqlite3 v1.14.6 h1:dNPt6NO46WmLVt2DLNpwczCmdV5boIZ6g/tlDrlRUbg=
github.com/mattn/go-sqlite3 v1.14.6/go.mod h1:NyWgC/yNuGj7Q9rpYnZvas74GogHl5/Z4A/KQRfk6bU=
go.riyazali.net/sqlite v0.0.0-20220820100132-b0f5d97504db h1:04cBwzg/G9THMHtENx3Ne0eDe6fSJCIS+Qo3H8+ewVc=
go.riyazali.net/sqlite v0.0.0-20220820100132-b0f5d97504db/go.mod h1:UVocl0mLwS0QKUKa5mI6lppmBjvQnUEkFjFfoWqFWQU=
